// !$*UTF8*$!
{
	archiveVersion = 1;
	classes = {
	};
	objectVersion = 50;
	objects = {

/* Begin PBXBuildFile section */
		5711EC0D21FCD6EA0033E11A /* AppDelegate.swift in Sources */ = {isa = PBXBuildFile; fileRef = 5711EC0C21FCD6EA0033E11A /* AppDelegate.swift */; };
		5711EC0F21FCD6EA0033E11A /* ViewController.swift in Sources */ = {isa = PBXBuildFile; fileRef = 5711EC0E21FCD6EA0033E11A /* ViewController.swift */; };
		5711EC1221FCD6EB0033E11A /* Main.storyboard in Resources */ = {isa = PBXBuildFile; fileRef = 5711EC1021FCD6EA0033E11A /* Main.storyboard */; };
		5711EC1421FCD6EC0033E11A /* Assets.xcassets in Resources */ = {isa = PBXBuildFile; fileRef = 5711EC1321FCD6EC0033E11A /* Assets.xcassets */; };
		5711EC1721FCD6EC0033E11A /* LaunchScreen.storyboard in Resources */ = {isa = PBXBuildFile; fileRef = 5711EC1521FCD6EC0033E11A /* LaunchScreen.storyboard */; };
		57BEA4E62205B2FC00EBABC8 /* InGameController.swift in Sources */ = {isa = PBXBuildFile; fileRef = 57BEA4E52205B2FC00EBABC8 /* InGameController.swift */; };
/* End PBXBuildFile section */

/* Begin PBXFileReference section */
		5711EC0921FCD6EA0033E11A /* PingPongCounter.app */ = {isa = PBXFileReference; explicitFileType = wrapper.application; includeInIndex = 0; path = PingPongCounter.app; sourceTree = BUILT_PRODUCTS_DIR; };
		5711EC0C21FCD6EA0033E11A /* AppDelegate.swift */ = {isa = PBXFileReference; lastKnownFileType = sourcecode.swift; path = AppDelegate.swift; sourceTree = "<group>"; };
		5711EC0E21FCD6EA0033E11A /* ViewController.swift */ = {isa = PBXFileReference; lastKnownFileType = sourcecode.swift; path = ViewController.swift; sourceTree = "<group>"; };
		5711EC1121FCD6EA0033E11A /* Base */ = {isa = PBXFileReference; lastKnownFileType = file.storyboard; name = Base; path = Base.lproj/Main.storyboard; sourceTree = "<group>"; };
		5711EC1321FCD6EC0033E11A /* Assets.xcassets */ = {isa = PBXFileReference; lastKnownFileType = folder.assetcatalog; path = Assets.xcassets; sourceTree = "<group>"; };
		5711EC1621FCD6EC0033E11A /* Base */ = {isa = PBXFileReference; lastKnownFileType = file.storyboard; name = Base; path = Base.lproj/LaunchScreen.storyboard; sourceTree = "<group>"; };
		5711EC1821FCD6EC0033E11A /* Info.plist */ = {isa = PBXFileReference; lastKnownFileType = text.plist.xml; path = Info.plist; sourceTree = "<group>"; };
		57BEA4E52205B2FC00EBABC8 /* InGameController.swift */ = {isa = PBXFileReference; lastKnownFileType = sourcecode.swift; path = InGameController.swift; sourceTree = "<group>"; };
/* End PBXFileReference section */

/* Begin PBXFrameworksBuildPhase section */
		5711EC0621FCD6EA0033E11A /* Frameworks */ = {
			isa = PBXFrameworksBuildPhase;
			buildActionMask = 2147483647;
			files = (
			);
			runOnlyForDeploymentPostprocessing = 0;
		};
/* End PBXFrameworksBuildPhase section */

/* Begin PBXGroup section */
		5711EC0021FCD6EA0033E11A = {
			isa = PBXGroup;
			children = (
				5711EC0B21FCD6EA0033E11A /* PingPongCounter */,
				5711EC0A21FCD6EA0033E11A /* Products */,
			);
			sourceTree = "<group>";
		};
		5711EC0A21FCD6EA0033E11A /* Products */ = {
			isa = PBXGroup;
			children = (
				5711EC0921FCD6EA0033E11A /* PingPongCounter.app */,
			);
			name = Products;
			sourceTree = "<group>";
		};
		5711EC0B21FCD6EA0033E11A /* PingPongCounter */ = {
			isa = PBXGroup;
			children = (
				5711EC0C21FCD6EA0033E11A /* AppDelegate.swift */,
				5711EC0E21FCD6EA0033E11A /* ViewController.swift */,
				57BEA4E52205B2FC00EBABC8 /* InGameController.swift */,
				5711EC1021FCD6EA0033E11A /* Main.storyboard */,
				5711EC1321FCD6EC0033E11A /* Assets.xcassets */,
				5711EC1521FCD6EC0033E11A /* LaunchScreen.storyboard */,
				5711EC1821FCD6EC0033E11A /* Info.plist */,
			);
			path = PingPongCounter;
			sourceTree = "<group>";
		};
/* End PBXGroup section */

/* Begin PBXNativeTarget section */
		5711EC0821FCD6EA0033E11A /* PingPongCounter */ = {
			isa = PBXNativeTarget;
			buildConfigurationList = 5711EC1B21FCD6EC0033E11A /* Build configuration list for PBXNativeTarget "PingPongCounter" */;
			buildPhases = (
				5711EC0521FCD6EA0033E11A /* Sources */,
				5711EC0621FCD6EA0033E11A /* Frameworks */,
				5711EC0721FCD6EA0033E11A /* Resources */,
			);
			buildRules = (
			);
			dependencies = (
			);
			name = PingPongCounter;
			productName = PingPongCounter;
			productReference = 5711EC0921FCD6EA0033E11A /* PingPongCounter.app */;
			productType = "com.apple.product-type.application";
		};
/* End PBXNativeTarget section */

/* Begin PBXProject section */
		5711EC0121FCD6EA0033E11A /* Project object */ = {
			isa = PBXProject;
			attributes = {
				LastSwiftUpdateCheck = 1010;
				LastUpgradeCheck = 1010;
				ORGANIZATIONNAME = francescolaiti;
				TargetAttributes = {
					5711EC0821FCD6EA0033E11A = {
						CreatedOnToolsVersion = 10.1;
						LastSwiftMigration = 1020;
					};
				};
			};
			buildConfigurationList = 5711EC0421FCD6EA0033E11A /* Build configuration list for PBXProject "PingPongCounter" */;
			compatibilityVersion = "Xcode 9.3";
			developmentRegion = en;
			hasScannedForEncodings = 0;
			knownRegions = (
				en,
				Base,
			);
			mainGroup = 5711EC0021FCD6EA0033E11A;
			productRefGroup = 5711EC0A21FCD6EA0033E11A /* Products */;
			projectDirPath = "";
			projectRoot = "";
			targets = (
				5711EC0821FCD6EA0033E11A /* PingPongCounter */,
			);
		};
/* End PBXProject section */

/* Begin PBXResourcesBuildPhase section */
		5711EC0721FCD6EA0033E11A /* Resources */ = {
			isa = PBXResourcesBuildPhase;
			buildActionMask = 2147483647;
			files = (
				5711EC1721FCD6EC0033E11A /* LaunchScreen.storyboard in Resources */,
				5711EC1421FCD6EC0033E11A /* Assets.xcassets in Resources */,
				5711EC1221FCD6EB0033E11A /* Main.storyboard in Resources */,
			);
			runOnlyForDeploymentPostprocessing = 0;
		};
/* End PBXResourcesBuildPhase section */

/* Begin PBXSourcesBuildPhase section */
		5711EC0521FCD6EA0033E11A /* Sources */ = {
			isa = PBXSourcesBuildPhase;
			buildActionMask = 2147483647;
			files = (
				57BEA4E62205B2FC00EBABC8 /* InGameController.swift in Sources */,
				5711EC0F21FCD6EA0033E11A /* ViewController.swift in Sources */,
				5711EC0D21FCD6EA0033E11A /* AppDelegate.swift in Sources */,
			);
			runOnlyForDeploymentPostprocessing = 0;
		};
/* End PBXSourcesBuildPhase section */

/* Begin PBXVariantGroup section */
		5711EC1021FCD6EA0033E11A /* Main.storyboard */ = {
			isa = PBXVariantGroup;
			children = (
				5711EC1121FCD6EA0033E11A /* Base */,
			);
			name = Main.storyboard;
			sourceTree = "<group>";
		};
		5711EC1521FCD6EC0033E11A /* LaunchScreen.storyboard */ = {
			isa = PBXVariantGroup;
			children = (
				5711EC1621FCD6EC0033E11A /* Base */,
			);
			name = LaunchScreen.storyboard;
			sourceTree = "<group>";
		};
/* End PBXVariantGroup section */

/* Begin XCBuildConfiguration section */
		5711EC1921FCD6EC0033E11A /* Debug */ = {
			isa = XCBuildConfiguration;
			buildSettings = {
				ALWAYS_SEARCH_USER_PATHS = NO;
				CLANG_ANALYZER_NONNULL = YES;
				CLANG_ANALYZER_NUMBER_OBJECT_CONVERSION = YES_AGGRESSIVE;
				CLANG_CXX_LANGUAGE_STANDARD = "gnu++14";
				CLANG_CXX_LIBRARY = "libc++";
				CLANG_ENABLE_MODULES = YES;
				CLANG_ENABLE_OBJC_ARC = YES;
				CLANG_ENABLE_OBJC_WEAK = YES;
				CLANG_WARN_BLOCK_CAPTURE_AUTORELEASING = YES;
				CLANG_WARN_BOOL_CONVERSION = YES;
				CLANG_WARN_COMMA = YES;
				CLANG_WARN_CONSTANT_CONVERSION = YES;
				CLANG_WARN_DEPRECATED_OBJC_IMPLEMENTATIONS = YES;
				CLANG_WARN_DIRECT_OBJC_ISA_USAGE = YES_ERROR;
				CLANG_WARN_DOCUMENTATION_COMMENTS = YES;
				CLANG_WARN_EMPTY_BODY = YES;
				CLANG_WARN_ENUM_CONVERSION = YES;
				CLANG_WARN_INFINITE_RECURSION = YES;
				CLANG_WARN_INT_CONVERSION = YES;
				CLANG_WARN_NON_LITERAL_NULL_CONVERSION = YES;
				CLANG_WARN_OBJC_IMPLICIT_RETAIN_SELF = YES;
				CLANG_WARN_OBJC_LITERAL_CONVERSION = YES;
				CLANG_WARN_OBJC_ROOT_CLASS = YES_ERROR;
				CLANG_WARN_RANGE_LOOP_ANALYSIS = YES;
				CLANG_WARN_STRICT_PROTOTYPES = YES;
				CLANG_WARN_SUSPICIOUS_MOVE = YES;
				CLANG_WARN_UNGUARDED_AVAILABILITY = YES_AGGRESSIVE;
				CLANG_WARN_UNREACHABLE_CODE = YES;
				CLANG_WARN__DUPLICATE_METHOD_MATCH = YES;
				CODE_SIGN_IDENTITY = "iPhone Developer";
				COPY_PHASE_STRIP = NO;
				DEBUG_INFORMATION_FORMAT = dwarf;
				ENABLE_STRICT_OBJC_MSGSEND = YES;
				ENABLE_TESTABILITY = YES;
				GCC_C_LANGUAGE_STANDARD = gnu11;
				GCC_DYNAMIC_NO_PIC = NO;
				GCC_NO_COMMON_BLOCKS = YES;
				GCC_OPTIMIZATION_LEVEL = 0;
				GCC_PREPROCESSOR_DEFINITIONS = (
					"DEBUG=1",
					"$(inherited)",
				);
				GCC_WARN_64_TO_32_BIT_CONVERSION = YES;
				GCC_WARN_ABOUT_RETURN_TYPE = YES_ERROR;
				GCC_WARN_UNDECLARED_SELECTOR = YES;
				GCC_WARN_UNINITIALIZED_AUTOS = YES_AGGRESSIVE;
				GCC_WARN_UNUSED_FUNCTION = YES;
				GCC_WARN_UNUSED_VARIABLE = YES;
				IPHONEOS_DEPLOYMENT_TARGET = 12.1;
				MTL_ENABLE_DEBUG_INFO = INCLUDE_SOURCE;
				MTL_FAST_MATH = YES;
				ONLY_ACTIVE_ARCH = YES;
				SDKROOT = iphoneos;
				SWIFT_ACTIVE_COMPILATION_CONDITIONS = DEBUG;
				SWIFT_OPTIMIZATION_LEVEL = "-Onone";
			};
			name = Debug;
		};
		5711EC1A21FCD6EC0033E11A /* Release */ = {
			isa = XCBuildConfiguration;
			buildSettings = {
				ALWAYS_SEARCH_USER_PATHS = NO;
				CLANG_ANALYZER_NONNULL = YES;
				CLANG_ANALYZER_NUMBER_OBJECT_CONVERSION = YES_AGGRESSIVE;
				CLANG_CXX_LANGUAGE_STANDARD = "gnu++14";
				CLANG_CXX_LIBRARY = "libc++";
				CLANG_ENABLE_MODULES = YES;
				CLANG_ENABLE_OBJC_ARC = YES;
				CLANG_ENABLE_OBJC_WEAK = YES;
				CLANG_WARN_BLOCK_CAPTURE_AUTORELEASING = YES;
				CLANG_WARN_BOOL_CONVERSION = YES;
				CLANG_WARN_COMMA = YES;
				CLANG_WARN_CONSTANT_CONVERSION = YES;
				CLANG_WARN_DEPRECATED_OBJC_IMPLEMENTATIONS = YES;
				CLANG_WARN_DIRECT_OBJC_ISA_USAGE = YES_ERROR;
				CLANG_WARN_DOCUMENTATION_COMMENTS = YES;
				CLANG_WARN_EMPTY_BODY = YES;
				CLANG_WARN_ENUM_CONVERSION = YES;
				CLANG_WARN_INFINITE_RECURSION = YES;
				CLANG_WARN_INT_CONVERSION = YES;
				CLANG_WARN_NON_LITERAL_NULL_CONVERSION = YES;
				CLANG_WARN_OBJC_IMPLICIT_RETAIN_SELF = YES;
				CLANG_WARN_OBJC_LITERAL_CONVERSION = YES;
				CLANG_WARN_OBJC_ROOT_CLASS = YES_ERROR;
				CLANG_WARN_RANGE_LOOP_ANALYSIS = YES;
				CLANG_WARN_STRICT_PROTOTYPES = YES;
				CLANG_WARN_SUSPICIOUS_MOVE = YES;
				CLANG_WARN_UNGUARDED_AVAILABILITY = YES_AGGRESSIVE;
				CLANG_WARN_UNREACHABLE_CODE = YES;
				CLANG_WARN__DUPLICATE_METHOD_MATCH = YES;
				CODE_SIGN_IDENTITY = "iPhone Developer";
				COPY_PHASE_STRIP = NO;
				DEBUG_INFORMATION_FORMAT = "dwarf-with-dsym";
				ENABLE_NS_ASSERTIONS = NO;
				ENABLE_STRICT_OBJC_MSGSEND = YES;
				GCC_C_LANGUAGE_STANDARD = gnu11;
				GCC_NO_COMMON_BLOCKS = YES;
				GCC_WARN_64_TO_32_BIT_CONVERSION = YES;
				GCC_WARN_ABOUT_RETURN_TYPE = YES_ERROR;
				GCC_WARN_UNDECLARED_SELECTOR = YES;
				GCC_WARN_UNINITIALIZED_AUTOS = YES_AGGRESSIVE;
				GCC_WARN_UNUSED_FUNCTION = YES;
				GCC_WARN_UNUSED_VARIABLE = YES;
				IPHONEOS_DEPLOYMENT_TARGET = 12.1;
				MTL_ENABLE_DEBUG_INFO = NO;
				MTL_FAST_MATH = YES;
				SDKROOT = iphoneos;
				SWIFT_COMPILATION_MODE = wholemodule;
				SWIFT_OPTIMIZATION_LEVEL = "-O";
				VALIDATE_PRODUCT = YES;
			};
			name = Release;
		};
		5711EC1C21FCD6EC0033E11A /* Debug */ = {
			isa = XCBuildConfiguration;
			buildSettings = {
				ASSETCATALOG_COMPILER_APPICON_NAME = AppIcon;
				CODE_SIGN_STYLE = Automatic;
				DEVELOPMENT_TEAM = EP22BMX2DN;
				INFOPLIST_FILE = PingPongCounter/Info.plist;
				IPHONEOS_DEPLOYMENT_TARGET = 12.1;
				LD_RUNPATH_SEARCH_PATHS = (
					"$(inherited)",
					"@executable_path/Frameworks",
				);
				PRODUCT_BUNDLE_IDENTIFIER = com.francescolaiti.PingPongCounter;
				PRODUCT_NAME = "$(TARGET_NAME)";
				SWIFT_VERSION = 5.0;
				TARGETED_DEVICE_FAMILY = "1,2";
			};
			name = Debug;
		};
		5711EC1D21FCD6EC0033E11A /* Release */ = {
			isa = XCBuildConfiguration;
			buildSettings = {
				ASSETCATALOG_COMPILER_APPICON_NAME = AppIcon;
				CODE_SIGN_STYLE = Automatic;
				DEVELOPMENT_TEAM = EP22BMX2DN;
				INFOPLIST_FILE = PingPongCounter/Info.plist;
				IPHONEOS_DEPLOYMENT_TARGET = 12.1;
				LD_RUNPATH_SEARCH_PATHS = (
					"$(inherited)",
					"@executable_path/Frameworks",
				);
				PRODUCT_BUNDLE_IDENTIFIER = com.francescolaiti.PingPongCounter;
				PRODUCT_NAME = "$(TARGET_NAME)";
				SWIFT_VERSION = 5.0;
				TARGETED_DEVICE_FAMILY = "1,2";
			};
			name = Release;
		};
/* End XCBuildConfiguration section */

/* Begin XCConfigurationList section */
		5711EC0421FCD6EA0033E11A /* Build configuration list for PBXProject "PingPongCounter" */ = {
			isa = XCConfigurationList;
			buildConfigurations = (
				5711EC1921FCD6EC0033E11A /* Debug */,
				5711EC1A21FCD6EC0033E11A /* Release */,
			);
			defaultConfigurationIsVisible = 0;
			defaultConfigurationName = Release;
		};
		5711EC1B21FCD6EC0033E11A /* Build configuration list for PBXNativeTarget "PingPongCounter" */ = {
			isa = XCConfigurationList;
			buildConfigurations = (
				5711EC1C21FCD6EC0033E11A /* Debug */,
				5711EC1D21FCD6EC0033E11A /* Release */,
			);
			defaultConfigurationIsVisible = 0;
			defaultConfigurationName = Release;
		};
/* End XCConfigurationList section */
	};
	rootObject = 5711EC0121FCD6EA0033E11A /* Project object */;
}
